
Microsoft Visual Studio Solution File, Format Version 12.00
# Visual Studio Version 17
VisualStudioVersion = 17.14.36518.9 d17.14
MinimumVisualStudioVersion = 10.0.40219.1
Project("{FAE04EC0-301F-11D3-BF4B-00C04F79EFBC}") = "URLShorteningService", "URLShorteningService.csproj", "{DCFB75A6-F490-4B64-B2CC-5BE1D1EF3067}"
EndProject
Global
	GlobalSection(SolutionConfigurationPlatforms) = preSolution
		Debug|Any CPU = Debug|Any CPU
		Release|Any CPU = Release|Any CPU
	EndGlobalSection
	GlobalSection(ProjectConfigurationPlatforms) = postSolution
		{DCFB75A6-F490-4B64-B2CC-5BE1D1EF3067}.Debug|Any CPU.ActiveCfg = Debug|Any CPU
		{DCFB75A6-F490-4B64-B2CC-5BE1D1EF3067}.Debug|Any CPU.Build.0 = Debug|Any CPU
		{DCFB75A6-F490-4B64-B2CC-5BE1D1EF3067}.Release|Any CPU.ActiveCfg = Release|Any CPU
		{DCFB75A6-F490-4B64-B2CC-5BE1D1EF3067}.Release|Any CPU.Build.0 = Release|Any CPU
	EndGlobalSection
	GlobalSection(SolutionProperties) = preSolution
		HideSolutionNode = FALSE
	EndGlobalSection
	GlobalSection(ExtensibilityGlobals) = postSolution
		SolutionGuid = {9E7456E4-1729-4BB5-B389-04CA88F8E33F}
	EndGlobalSection
EndGlobal
